
Microsoft Visual Studio Solution File, Format Version 12.00
# Visual Studio Version 16
VisualStudioVersion = 16.0.31019.35
MinimumVisualStudioVersion = 10.0.40219.1
Project("{9A19103F-16F7-4668-BE54-9A1E7A4F7556}") = "ServiceNetflix", "InquireProfile\ServiceNetflix.csproj", "{9EA3D6F7-F16E-46CD-B2F1-922BFD3DF15F}"
EndProject
Global
	GlobalSection(SolutionConfigurationPlatforms) = preSolution
		Debug|Any CPU = Debug|Any CPU
		Release|Any CPU = Release|Any CPU
	EndGlobalSection
	GlobalSection(ProjectConfigurationPlatforms) = postSolution
		{9EA3D6F7-F16E-46CD-B2F1-922BFD3DF15F}.Debug|Any CPU.ActiveCfg = Debug|Any CPU
		{9EA3D6F7-F16E-46CD-B2F1-922BFD3DF15F}.Debug|Any CPU.Build.0 = Debug|Any CPU
		{9EA3D6F7-F16E-46CD-B2F1-922BFD3DF15F}.Release|Any CPU.ActiveCfg = Release|Any CPU
		{9EA3D6F7-F16E-46CD-B2F1-922BFD3DF15F}.Release|Any CPU.Build.0 = Release|Any CPU
	EndGlobalSection
	GlobalSection(SolutionProperties) = preSolution
		HideSolutionNode = FALSE
	EndGlobalSection
	GlobalSection(ExtensibilityGlobals) = postSolution
		SolutionGuid = {1A642ABF-7CD8-4FD6-B92E-83E2B93184DD}
	EndGlobalSection
EndGlobal
